PODS:
  - BEFoldMenuViewController (0.1.0)

DEPENDENCIES:
  - BEFoldMenuViewController (from `../`)

EXTERNAL SOURCES:
  BEFoldMenuViewController:
    :path: ../

SPEC CHECKSUMS:
  BEFoldMenuViewController: e943a8fda78b5e7c87b0fe2bfd277dd80637a9b5

PODFILE CHECKSUM: 22ff3864a4505c5f925d7f775aba1ed94c814e97

COCOAPODS: 1.0.1
